%{
  "basefiftyeight": {:hex, :basefiftyeight, "0.1.0", "3d48544743bf9aab7ab02aed803ac42af77acf268c7d8c71d4f39e7fa85ee8d3", [:mix], [], "hexpm", "af12f551429528c711e98628c029ad48d1e5ba5a284f40b2d91029a65381837a"},
  "bsv": {:hex, :bsv, "2.1.0", "3dd0be57a5272ca47ddd4e401b0e8f5a01937ea17399a0a7b60c34fe9248e2c7", [:mix], [{:basefiftyeight, "~> 0.1", [hex: :basefiftyeight, repo: "hexpm", optional: false]}, {:curvy, "~> 0.3", [hex: :curvy, repo: "hexpm", optional: false]}], "hexpm", "8f5f5e54574524dedb884848b63779faf9f717db13a505e22e16232c8c2a39a1"},
  "castore": {:hex, :castore, "0.1.18", "deb5b9ab02400561b6f5708f3e7660fc35ca2d51bfc6a940d2f513f89c2975fc", [:mix], [], "hexpm", "61bbaf6452b782ef80b33cdb45701afbcf0a918a45ebe7e73f1130d661e66a06"},
  "connection": {:hex, :connection, "1.1.0", "ff2a49c4b75b6fb3e674bfc5536451607270aac754ffd1bdfe175abe4a6d7a68", [:mix], [], "hexpm", "722c1eb0a418fbe91ba7bd59a47e28008a189d47e37e0e7bb85585a016b2869c"},
  "curvy": {:hex, :curvy, "0.3.0", "cd097f77434baf783cd18a8374e1eae37dc203588902a3b59d1b4056ac9e7366", [:mix], [], "hexpm", "1fa6104cb458cfe6962b8353a0a6563bd191f9e72807fca0fa22b5a61809695c"},
  "db_connection": {:hex, :db_connection, "2.3.1", "4c9f3ed1ef37471cbdd2762d6655be11e38193904d9c5c1c9389f1b891a3088e", [:mix], [{:connection, "~> 1.0", [hex: :connection, repo: "hexpm", optional: false]}], "hexpm", "abaab61780dde30301d840417890bd9f74131041afd02174cf4e10635b3a63f5"},
  "decimal": {:hex, :decimal, "2.0.0", "a78296e617b0f5dd4c6caf57c714431347912ffb1d0842e998e9792b5642d697", [:mix], [], "hexpm", "34666e9c55dea81013e77d9d87370fe6cb6291d1ef32f46a1600230b1d44f577"},
  "earmark": {:hex, :earmark, "1.4.5", "62ffd3bd7722fb7a7b1ecd2419ea0b458c356e7168c1f5d65caf09b4fbdd13c8", [:mix], [], "hexpm", "b7d0e6263d83dc27141a523467799a685965bf8b13b6743413f19a7079843f4f"},
  "earmark_parser": {:hex, :earmark_parser, "1.4.12", "b245e875ec0a311a342320da0551da407d9d2b65d98f7a9597ae078615af3449", [:mix], [], "hexpm", "711e2cc4d64abb7d566d43f54b78f7dc129308a63bc103fbd88550d2174b3160"},
  "ecto": {:hex, :ecto, "3.5.5", "48219a991bb86daba6e38a1e64f8cea540cded58950ff38fbc8163e062281a07", [:mix], [{:decimal, "~> 1.6 or ~> 2.0", [hex: :decimal, repo: "hexpm", optional: false]}, {:jason, "~> 1.0", [hex: :jason, repo: "hexpm", optional: true]}, {:telemetry, "~> 0.4", [hex: :telemetry, repo: "hexpm", optional: false]}], "hexpm", "98dd0e5e1de7f45beca6130d13116eae675db59adfa055fb79612406acf6f6f1"},
  "ecto_sql": {:hex, :ecto_sql, "3.5.3", "1964df0305538364b97cc4661a2bd2b6c89d803e66e5655e4e55ff1571943efd", [:mix], [{:db_connection, "~> 2.2", [hex: :db_connection, repo: "hexpm", optional: false]}, {:ecto, "~> 3.5.0", [hex: :ecto, repo: "hexpm", optional: false]}, {:myxql, "~> 0.3.0 or ~> 0.4.0", [hex: :myxql, repo: "hexpm", optional: true]}, {:postgrex, "~> 0.15.0", [hex: :postgrex, repo: "hexpm", optional: true]}, {:tds, "~> 2.1.1", [hex: :tds, repo: "hexpm", optional: true]}, {:telemetry, "~> 0.4.0", [hex: :telemetry, repo: "hexpm", optional: false]}], "hexpm", "d2f53592432ce17d3978feb8f43e8dc0705e288b0890caf06d449785f018061c"},
  "ex_doc": {:hex, :ex_doc, "0.23.0", "a069bc9b0bf8efe323ecde8c0d62afc13d308b1fa3d228b65bca5cf8703a529d", [:mix], [{:earmark_parser, "~> 1.4.0", [hex: :earmark_parser, repo: "hexpm", optional: false]}, {:makeup_elixir, "~> 0.14", [hex: :makeup_elixir, repo: "hexpm", optional: false]}], "hexpm", "f5e2c4702468b2fd11b10d39416ddadd2fcdd173ba2a0285ebd92c39827a5a16"},
  "fsmx": {:hex, :fsmx, "0.3.0", "d60463b25681313514cfb7bdd92e18818dbc4c1967a5495f685b11b43b612f87", [:mix], [{:ecto, ">= 3.0.0", [hex: :ecto, repo: "hexpm", optional: true]}, {:ecto_sql, ">= 3.0.0", [hex: :ecto_sql, repo: "hexpm", optional: true]}], "hexpm", "11829e293ab0987a0aa6046733ddef21dbce5f9798ac217e9de1ba78405a8c8a"},
  "gen_stage": {:hex, :gen_stage, "1.0.0", "51c8ae56ff54f9a2a604ca583798c210ad245f415115453b773b621c49776df5", [:mix], [], "hexpm", "1d9fc978db5305ac54e6f5fec7adf80cd893b1000cf78271564c516aa2af7706"},
  "hpax": {:hex, :hpax, "0.1.2", "09a75600d9d8bbd064cdd741f21fc06fc1f4cf3d0fcc335e5aa19be1a7235c84", [:mix], [], "hexpm", "2c87843d5a23f5f16748ebe77969880e29809580efdaccd615cd3bed628a8c13"},
  "jason": {:hex, :jason, "1.3.0", "fa6b82a934feb176263ad2df0dbd91bf633d4a46ebfdffea0c8ae82953714946", [:mix], [{:decimal, "~> 1.0 or ~> 2.0", [hex: :decimal, repo: "hexpm", optional: true]}], "hexpm", "53fc1f51255390e0ec7e50f9cb41e751c260d065dcba2bf0d08dc51a4002c2ac"},
  "libsecp256k1": {:hex, :libsecp256k1, "0.1.10", "d27495e2b9851c7765129b76c53b60f5e275bd6ff68292c50536bf6b8d091a4d", [:make, :mix], [{:mix_erlang_tasks, "0.1.0", [hex: :mix_erlang_tasks, repo: "hexpm", optional: false]}], "hexpm", "09ea06239938571124f7f5a27bc9ac45dfb1cfc2df40d46ee9b59c3d51366652"},
  "makeup": {:hex, :makeup, "1.0.5", "d5a830bc42c9800ce07dd97fa94669dfb93d3bf5fcf6ea7a0c67b2e0e4a7f26c", [:mix], [{:nimble_parsec, "~> 0.5 or ~> 1.0", [hex: :nimble_parsec, repo: "hexpm", optional: false]}], "hexpm", "cfa158c02d3f5c0c665d0af11512fed3fba0144cf1aadee0f2ce17747fba2ca9"},
  "makeup_elixir": {:hex, :makeup_elixir, "0.15.0", "98312c9f0d3730fde4049985a1105da5155bfe5c11e47bdc7406d88e01e4219b", [:mix], [{:makeup, "~> 1.0", [hex: :makeup, repo: "hexpm", optional: false]}, {:nimble_parsec, "~> 1.1", [hex: :nimble_parsec, repo: "hexpm", optional: false]}], "hexpm", "75ffa34ab1056b7e24844c90bfc62aaf6f3a37a15faa76b07bc5eba27e4a8b4a"},
  "manic": {:hex, :manic, "0.1.1", "0f9b6be86433be42115e8693252ff9e7e74786ea0394a3e0576d09a194328f1f", [:mix], [{:bsv, "~> 2.1", [hex: :bsv, repo: "hexpm", optional: false]}, {:castore, "~> 0.1", [hex: :castore, repo: "hexpm", optional: false]}, {:curvy, "~> 0.3", [hex: :curvy, repo: "hexpm", optional: false]}, {:jason, "~> 1.2", [hex: :jason, repo: "hexpm", optional: false]}, {:mint, "~> 1.4", [hex: :mint, repo: "hexpm", optional: false]}, {:recase, "~> 0.7", [hex: :recase, repo: "hexpm", optional: false]}, {:tesla, "~> 1.4", [hex: :tesla, repo: "hexpm", optional: false]}], "hexpm", "d14507df7885ff53b2570b0ca32cc5b931cfdbc21cb72714e085762af7c67309"},
  "mime": {:hex, :mime, "2.0.3", "3676436d3d1f7b81b5a2d2bd8405f412c677558c81b1c92be58c00562bb59095", [:mix], [], "hexpm", "27a30bf0db44d25eecba73755acf4068cbfe26a4372f9eb3e4ea3a45956bff6b"},
  "mint": {:hex, :mint, "1.4.2", "50330223429a6e1260b2ca5415f69b0ab086141bc76dc2fbf34d7c389a6675b2", [:mix], [{:castore, "~> 0.1.0", [hex: :castore, repo: "hexpm", optional: true]}, {:hpax, "~> 0.1.1", [hex: :hpax, repo: "hexpm", optional: false]}], "hexpm", "ce75a5bbcc59b4d7d8d70f8b2fc284b1751ffb35c7b6a6302b5192f8ab4ddd80"},
  "mix_erlang_tasks": {:hex, :mix_erlang_tasks, "0.1.0", "36819fec60b80689eb1380938675af215565a89320a9e29c72c70d97512e4649", [:mix], [], "hexpm", "95d2839c422c482a70c08a8702da8242f86b773f8ab6e8602a4eb72da8da04ed"},
  "nimble_parsec": {:hex, :nimble_parsec, "1.1.0", "3a6fca1550363552e54c216debb6a9e95bd8d32348938e13de5eda962c0d7f89", [:mix], [], "hexpm", "08eb32d66b706e913ff748f11694b17981c0b04a33ef470e33e11b3d3ac8f54b"},
  "postgrex": {:hex, :postgrex, "0.15.7", "724410acd48abac529d0faa6c2a379fb8ae2088e31247687b16cacc0e0883372", [:mix], [{:connection, "~> 1.0", [hex: :connection, repo: "hexpm", optional: false]}, {:db_connection, "~> 2.1", [hex: :db_connection, repo: "hexpm", optional: false]}, {:decimal, "~> 1.5 or ~> 2.0", [hex: :decimal, repo: "hexpm", optional: false]}, {:jason, "~> 1.0", [hex: :jason, repo: "hexpm", optional: true]}], "hexpm", "88310c010ff047cecd73d5ceca1d99205e4b1ab1b9abfdab7e00f5c9d20ef8f9"},
  "qex": {:hex, :qex, "0.5.0", "5a3a9becf67d4006377c4c247ffdaaa8ae5b3634a0caadb788dc24d6125068f4", [:mix], [], "hexpm", "4ad6f6421163cd8204509a119a5c9813cbb969cfb8d802a9dc49b968bffbac2a"},
  "recase": {:hex, :recase, "0.7.0", "3f2f719f0886c7a3b7fe469058ec539cb7bbe0023604ae3bce920e186305e5ae", [:mix], [], "hexpm", "36f5756a9f552f4a94b54a695870e32f4e72d5fad9c25e61bc4a3151c08a4e0c"},
  "telemetry": {:hex, :telemetry, "0.4.3", "a06428a514bdbc63293cd9a6263aad00ddeb66f608163bdec7c8995784080818", [:rebar3], [], "hexpm", "eb72b8365ffda5bed68a620d1da88525e326cb82a75ee61354fc24b844768041"},
  "tesla": {:hex, :tesla, "1.4.4", "bb89aa0c9745190930366f6a2ac612cdf2d0e4d7fff449861baa7875afd797b2", [:mix], [{:castore, "~> 0.1", [hex: :castore, repo: "hexpm", optional: true]}, {:exjsx, ">= 3.0.0", [hex: :exjsx, repo: "hexpm", optional: true]}, {:finch, "~> 0.3", [hex: :finch, repo: "hexpm", optional: true]}, {:fuse, "~> 2.4", [hex: :fuse, repo: "hexpm", optional: true]}, {:gun, "~> 1.3", [hex: :gun, repo: "hexpm", optional: true]}, {:hackney, "~> 1.6", [hex: :hackney, repo: "hexpm", optional: true]}, {:ibrowse, "4.4.0", [hex: :ibrowse, repo: "hexpm", optional: true]}, {:jason, ">= 1.0.0", [hex: :jason, repo: "hexpm", optional: true]}, {:mime, "~> 1.0 or ~> 2.0", [hex: :mime, repo: "hexpm", optional: false]}, {:mint, "~> 1.0", [hex: :mint, repo: "hexpm", optional: true]}, {:poison, ">= 1.0.0", [hex: :poison, repo: "hexpm", optional: true]}, {:telemetry, "~> 0.4 or ~> 1.0", [hex: :telemetry, repo: "hexpm", optional: true]}], "hexpm", "d5503a49f9dec1b287567ea8712d085947e247cb11b06bc54adb05bfde466457"},
}
